
Microsoft Visual Studio Solution File, Format Version 12.00
# Visual Studio Version 17
VisualStudioVersion = 17.8.34330.188
MinimumVisualStudioVersion = 10.0.40219.1
Project("{FAE04EC0-301F-11D3-BF4B-00C04F79EFBC}") = "TeztCallouts", "TeztCallouts\TeztCallouts.csproj", "{16ABF39C-3FEF-456A-9C15-D7122CA3E6A9}"
EndProject
Global
	GlobalSection(SolutionConfigurationPlatforms) = preSolution
		Debug|Any CPU = Debug|Any CPU
		Release|Any CPU = Release|Any CPU
	EndGlobalSection
	GlobalSection(ProjectConfigurationPlatforms) = postSolution
		{16ABF39C-3FEF-456A-9C15-D7122CA3E6A9}.Debug|Any CPU.ActiveCfg = Debug|Any CPU
		{16ABF39C-3FEF-456A-9C15-D7122CA3E6A9}.Debug|Any CPU.Build.0 = Debug|Any CPU
		{16ABF39C-3FEF-456A-9C15-D7122CA3E6A9}.Release|Any CPU.ActiveCfg = Release|Any CPU
		{16ABF39C-3FEF-456A-9C15-D7122CA3E6A9}.Release|Any CPU.Build.0 = Release|Any CPU
	EndGlobalSection
	GlobalSection(SolutionProperties) = preSolution
		HideSolutionNode = FALSE
	EndGlobalSection
	GlobalSection(ExtensibilityGlobals) = postSolution
		SolutionGuid = {59F31EF1-C404-49D7-AA47-7FA139E427B7}
	EndGlobalSection
EndGlobal
